
Microsoft Visual Studio Solution File, Format Version 12.00
# Visual Studio Version 16
VisualStudioVersion = 16.0.29324.140
MinimumVisualStudioVersion = 10.0.40219.1
Project("{FAE04EC0-301F-11D3-BF4B-00C04F79EFBC}") = "Calculator", "Calculator\Calculator.csproj", "{BB0CB532-7470-480D-AEEF-5FF56A626BF1}"
EndProject
Global
	GlobalSection(SolutionConfigurationPlatforms) = preSolution
		Debug|Any CPU = Debug|Any CPU
		Release|Any CPU = Release|Any CPU
	EndGlobalSection
	GlobalSection(ProjectConfigurationPlatforms) = postSolution
		{BB0CB532-7470-480D-AEEF-5FF56A626BF1}.Debug|Any CPU.ActiveCfg = Debug|Any CPU
		{BB0CB532-7470-480D-AEEF-5FF56A626BF1}.Debug|Any CPU.Build.0 = Debug|Any CPU
		{BB0CB532-7470-480D-AEEF-5FF56A626BF1}.Release|Any CPU.ActiveCfg = Release|Any CPU
		{BB0CB532-7470-480D-AEEF-5FF56A626BF1}.Release|Any CPU.Build.0 = Release|Any CPU
	EndGlobalSection
	GlobalSection(SolutionProperties) = preSolution
		HideSolutionNode = FALSE
	EndGlobalSection
	GlobalSection(ExtensibilityGlobals) = postSolution
		SolutionGuid = {579AAA0A-C38C-4515-981C-C150704299C6}
	EndGlobalSection
EndGlobal
